// !$*UTF8*$!
{
	archiveVersion = 1;
	classes = {
	};
	objectVersion = 46;
	objects = {

/* Begin PBXBuildFile section */
		E3362FC41F95E55100633BBA /* AppDelegate.swift in Sources */ = {isa = PBXBuildFile; fileRef = E3362FC31F95E55100633BBA /* AppDelegate.swift */; };
		E3362FC61F95E55100633BBA /* ViewController.swift in Sources */ = {isa = PBXBuildFile; fileRef = E3362FC51F95E55100633BBA /* ViewController.swift */; };
		E3362FC91F95E55100633BBA /* Main.storyboard in Resources */ = {isa = PBXBuildFile; fileRef = E3362FC71F95E55100633BBA /* Main.storyboard */; };
		E3362FCB1F95E55100633BBA /* Assets.xcassets in Resources */ = {isa = PBXBuildFile; fileRef = E3362FCA1F95E55100633BBA /* Assets.xcassets */; };
		E3362FCE1F95E55100633BBA /* LaunchScreen.storyboard in Resources */ = {isa = PBXBuildFile; fileRef = E3362FCC1F95E55100633BBA /* LaunchScreen.storyboard */; };
		E3B8B6811F95E75A00AB1610 /* acertasteTodo.png in Resources */ = {isa = PBXBuildFile; fileRef = E3B8B6791F95E75A00AB1610 /* acertasteTodo.png */; };
		E3B8B6821F95E75A00AB1610 /* ahorcado_0.png in Resources */ = {isa = PBXBuildFile; fileRef = E3B8B67A1F95E75A00AB1610 /* ahorcado_0.png */; };
		E3B8B6831F95E75A00AB1610 /* ahorcado_1.png in Resources */ = {isa = PBXBuildFile; fileRef = E3B8B67B1F95E75A00AB1610 /* ahorcado_1.png */; };
		E3B8B6841F95E75A00AB1610 /* ahorcado_2.png in Resources */ = {isa = PBXBuildFile; fileRef = E3B8B67C1F95E75A00AB1610 /* ahorcado_2.png */; };
		E3B8B6851F95E75A00AB1610 /* ahorcado_3.png in Resources */ = {isa = PBXBuildFile; fileRef = E3B8B67D1F95E75A00AB1610 /* ahorcado_3.png */; };
		E3B8B6861F95E75A00AB1610 /* ahorcado_4.png in Resources */ = {isa = PBXBuildFile; fileRef = E3B8B67E1F95E75A00AB1610 /* ahorcado_4.png */; };
		E3B8B6871F95E75A00AB1610 /* ahorcado_5.png in Resources */ = {isa = PBXBuildFile; fileRef = E3B8B67F1F95E75A00AB1610 /* ahorcado_5.png */; };
		E3B8B6881F95E75A00AB1610 /* ahorcado_fin.png in Resources */ = {isa = PBXBuildFile; fileRef = E3B8B6801F95E75A00AB1610 /* ahorcado_fin.png */; };
		E3B8B68D1F975F9500AB1610 /* victoria.jpg in Resources */ = {isa = PBXBuildFile; fileRef = E3B8B68C1F975F9500AB1610 /* victoria.jpg */; };
/* End PBXBuildFile section */

/* Begin PBXFileReference section */
		E3362FC01F95E55100633BBA /* iAhorcado.app */ = {isa = PBXFileReference; explicitFileType = wrapper.application; includeInIndex = 0; path = iAhorcado.app; sourceTree = BUILT_PRODUCTS_DIR; };
		E3362FC31F95E55100633BBA /* AppDelegate.swift */ = {isa = PBXFileReference; lastKnownFileType = sourcecode.swift; path = AppDelegate.swift; sourceTree = "<group>"; };
		E3362FC51F95E55100633BBA /* ViewController.swift */ = {isa = PBXFileReference; lastKnownFileType = sourcecode.swift; path = ViewController.swift; sourceTree = "<group>"; };
		E3362FC81F95E55100633BBA /* Base */ = {isa = PBXFileReference; lastKnownFileType = file.storyboard; name = Base; path = Base.lproj/Main.storyboard; sourceTree = "<group>"; };
		E3362FCA1F95E55100633BBA /* Assets.xcassets */ = {isa = PBXFileReference; lastKnownFileType = folder.assetcatalog; path = Assets.xcassets; sourceTree = "<group>"; };
		E3362FCD1F95E55100633BBA /* Base */ = {isa = PBXFileReference; lastKnownFileType = file.storyboard; name = Base; path = Base.lproj/LaunchScreen.storyboard; sourceTree = "<group>"; };
		E3362FCF1F95E55100633BBA /* Info.plist */ = {isa = PBXFileReference; lastKnownFileType = text.plist.xml; path = Info.plist; sourceTree = "<group>"; };
		E3B8B6791F95E75A00AB1610 /* acertasteTodo.png */ = {isa = PBXFileReference; lastKnownFileType = image.png; path = acertasteTodo.png; sourceTree = "<group>"; };
		E3B8B67A1F95E75A00AB1610 /* ahorcado_0.png */ = {isa = PBXFileReference; lastKnownFileType = image.png; path = ahorcado_0.png; sourceTree = "<group>"; };
		E3B8B67B1F95E75A00AB1610 /* ahorcado_1.png */ = {isa = PBXFileReference; lastKnownFileType = image.png; path = ahorcado_1.png; sourceTree = "<group>"; };
		E3B8B67C1F95E75A00AB1610 /* ahorcado_2.png */ = {isa = PBXFileReference; lastKnownFileType = image.png; path = ahorcado_2.png; sourceTree = "<group>"; };
		E3B8B67D1F95E75A00AB1610 /* ahorcado_3.png */ = {isa = PBXFileReference; lastKnownFileType = image.png; path = ahorcado_3.png; sourceTree = "<group>"; };
		E3B8B67E1F95E75A00AB1610 /* ahorcado_4.png */ = {isa = PBXFileReference; lastKnownFileType = image.png; path = ahorcado_4.png; sourceTree = "<group>"; };
		E3B8B67F1F95E75A00AB1610 /* ahorcado_5.png */ = {isa = PBXFileReference; lastKnownFileType = image.png; path = ahorcado_5.png; sourceTree = "<group>"; };
		E3B8B6801F95E75A00AB1610 /* ahorcado_fin.png */ = {isa = PBXFileReference; lastKnownFileType = image.png; path = ahorcado_fin.png; sourceTree = "<group>"; };
		E3B8B68C1F975F9500AB1610 /* victoria.jpg */ = {isa = PBXFileReference; lastKnownFileType = image.jpeg; path = victoria.jpg; sourceTree = "<group>"; };
/* End PBXFileReference section */

/* Begin PBXFrameworksBuildPhase section */
		E3362FBD1F95E55100633BBA /* Frameworks */ = {
			isa = PBXFrameworksBuildPhase;
			buildActionMask = 2147483647;
			files = (
			);
			runOnlyForDeploymentPostprocessing = 0;
		};
/* End PBXFrameworksBuildPhase section */

/* Begin PBXGroup section */
		E3362FB71F95E55100633BBA = {
			isa = PBXGroup;
			children = (
				E3362FC21F95E55100633BBA /* iAhorcado */,
				E3362FC11F95E55100633BBA /* Products */,
			);
			sourceTree = "<group>";
		};
		E3362FC11F95E55100633BBA /* Products */ = {
			isa = PBXGroup;
			children = (
				E3362FC01F95E55100633BBA /* iAhorcado.app */,
			);
			name = Products;
			sourceTree = "<group>";
		};
		E3362FC21F95E55100633BBA /* iAhorcado */ = {
			isa = PBXGroup;
			children = (
				E3B8B6891F95E77000AB1610 /* imagenes */,
				E3362FC31F95E55100633BBA /* AppDelegate.swift */,
				E3362FC51F95E55100633BBA /* ViewController.swift */,
				E3362FC71F95E55100633BBA /* Main.storyboard */,
				E3362FCA1F95E55100633BBA /* Assets.xcassets */,
				E3362FCC1F95E55100633BBA /* LaunchScreen.storyboard */,
				E3362FCF1F95E55100633BBA /* Info.plist */,
			);
			path = iAhorcado;
			sourceTree = "<group>";
		};
		E3B8B6891F95E77000AB1610 /* imagenes */ = {
			isa = PBXGroup;
			children = (
				E3B8B6791F95E75A00AB1610 /* acertasteTodo.png */,
				E3B8B68C1F975F9500AB1610 /* victoria.jpg */,
				E3B8B67A1F95E75A00AB1610 /* ahorcado_0.png */,
				E3B8B67B1F95E75A00AB1610 /* ahorcado_1.png */,
				E3B8B67C1F95E75A00AB1610 /* ahorcado_2.png */,
				E3B8B67D1F95E75A00AB1610 /* ahorcado_3.png */,
				E3B8B67E1F95E75A00AB1610 /* ahorcado_4.png */,
				E3B8B67F1F95E75A00AB1610 /* ahorcado_5.png */,
				E3B8B6801F95E75A00AB1610 /* ahorcado_fin.png */,
			);
			name = imagenes;
			sourceTree = "<group>";
		};
/* End PBXGroup section */

/* Begin PBXNativeTarget section */
		E3362FBF1F95E55100633BBA /* iAhorcado */ = {
			isa = PBXNativeTarget;
			buildConfigurationList = E3362FD21F95E55100633BBA /* Build configuration list for PBXNativeTarget "iAhorcado" */;
			buildPhases = (
				E3362FBC1F95E55100633BBA /* Sources */,
				E3362FBD1F95E55100633BBA /* Frameworks */,
				E3362FBE1F95E55100633BBA /* Resources */,
			);
			buildRules = (
			);
			dependencies = (
			);
			name = iAhorcado;
			productName = iAhorcado;
			productReference = E3362FC01F95E55100633BBA /* iAhorcado.app */;
			productType = "com.apple.product-type.application";
		};
/* End PBXNativeTarget section */

/* Begin PBXProject section */
		E3362FB81F95E55100633BBA /* Project object */ = {
			isa = PBXProject;
			attributes = {
				LastSwiftUpdateCheck = 0800;
				LastUpgradeCheck = 0800;
				ORGANIZATIONNAME = CETYS;
				TargetAttributes = {
					E3362FBF1F95E55100633BBA = {
						CreatedOnToolsVersion = 8.0;
						ProvisioningStyle = Automatic;
					};
				};
			};
			buildConfigurationList = E3362FBB1F95E55100633BBA /* Build configuration list for PBXProject "iAhorcado" */;
			compatibilityVersion = "Xcode 3.2";
			developmentRegion = English;
			hasScannedForEncodings = 0;
			knownRegions = (
				en,
				Base,
			);
			mainGroup = E3362FB71F95E55100633BBA;
			productRefGroup = E3362FC11F95E55100633BBA /* Products */;
			projectDirPath = "";
			projectRoot = "";
			targets = (
				E3362FBF1F95E55100633BBA /* iAhorcado */,
			);
		};
/* End PBXProject section */

/* Begin PBXResourcesBuildPhase section */
		E3362FBE1F95E55100633BBA /* Resources */ = {
			isa = PBXResourcesBuildPhase;
			buildActionMask = 2147483647;
			files = (
				E3362FCE1F95E55100633BBA /* LaunchScreen.storyboard in Resources */,
				E3B8B68D1F975F9500AB1610 /* victoria.jpg in Resources */,
				E3B8B6821F95E75A00AB1610 /* ahorcado_0.png in Resources */,
				E3B8B6861F95E75A00AB1610 /* ahorcado_4.png in Resources */,
				E3B8B6841F95E75A00AB1610 /* ahorcado_2.png in Resources */,
				E3B8B6831F95E75A00AB1610 /* ahorcado_1.png in Resources */,
				E3B8B6851F95E75A00AB1610 /* ahorcado_3.png in Resources */,
				E3B8B6881F95E75A00AB1610 /* ahorcado_fin.png in Resources */,
				E3B8B6871F95E75A00AB1610 /* ahorcado_5.png in Resources */,
				E3362FCB1F95E55100633BBA /* Assets.xcassets in Resources */,
				E3B8B6811F95E75A00AB1610 /* acertasteTodo.png in Resources */,
				E3362FC91F95E55100633BBA /* Main.storyboard in Resources */,
			);
			runOnlyForDeploymentPostprocessing = 0;
		};
/* End PBXResourcesBuildPhase section */

/* Begin PBXSourcesBuildPhase section */
		E3362FBC1F95E55100633BBA /* Sources */ = {
			isa = PBXSourcesBuildPhase;
			buildActionMask = 2147483647;
			files = (
				E3362FC61F95E55100633BBA /* ViewController.swift in Sources */,
				E3362FC41F95E55100633BBA /* AppDelegate.swift in Sources */,
			);
			runOnlyForDeploymentPostprocessing = 0;
		};
/* End PBXSourcesBuildPhase section */

/* Begin PBXVariantGroup section */
		E3362FC71F95E55100633BBA /* Main.storyboard */ = {
			isa = PBXVariantGroup;
			children = (
				E3362FC81F95E55100633BBA /* Base */,
			);
			name = Main.storyboard;
			sourceTree = "<group>";
		};
		E3362FCC1F95E55100633BBA /* LaunchScreen.storyboard */ = {
			isa = PBXVariantGroup;
			children = (
				E3362FCD1F95E55100633BBA /* Base */,
			);
			name = LaunchScreen.storyboard;
			sourceTree = "<group>";
		};
/* End PBXVariantGroup section */

/* Begin XCBuildConfiguration section */
		E3362FD01F95E55100633BBA /* Debug */ = {
			isa = XCBuildConfiguration;
			buildSettings = {
				ALWAYS_SEARCH_USER_PATHS = NO;
				CLANG_ANALYZER_NONNULL = YES;
				CLANG_CXX_LANGUAGE_STANDARD = "gnu++0x";
				CLANG_CXX_LIBRARY = "libc++";
				CLANG_ENABLE_MODULES = YES;
				CLANG_ENABLE_OBJC_ARC = YES;
				CLANG_WARN_BOOL_CONVERSION = YES;
				CLANG_WARN_CONSTANT_CONVERSION = YES;
				CLANG_WARN_DIRECT_OBJC_ISA_USAGE = YES_ERROR;
				CLANG_WARN_DOCUMENTATION_COMMENTS = YES;
				CLANG_WARN_EMPTY_BODY = YES;
				CLANG_WARN_ENUM_CONVERSION = YES;
				CLANG_WARN_INFINITE_RECURSION = YES;
				CLANG_WARN_INT_CONVERSION = YES;
				CLANG_WARN_OBJC_ROOT_CLASS = YES_ERROR;
				CLANG_WARN_SUSPICIOUS_MOVES = YES;
				CLANG_WARN_UNREACHABLE_CODE = YES;
				CLANG_WARN__DUPLICATE_METHOD_MATCH = YES;
				"CODE_SIGN_IDENTITY[sdk=iphoneos*]" = "iPhone Developer";
				COPY_PHASE_STRIP = NO;
				DEBUG_INFORMATION_FORMAT = dwarf;
				ENABLE_STRICT_OBJC_MSGSEND = YES;
				ENABLE_TESTABILITY = YES;
				GCC_C_LANGUAGE_STANDARD = gnu99;
				GCC_DYNAMIC_NO_PIC = NO;
				GCC_NO_COMMON_BLOCKS = YES;
				GCC_OPTIMIZATION_LEVEL = 0;
				GCC_PREPROCESSOR_DEFINITIONS = (
					"DEBUG=1",
					"$(inherited)",
				);
				GCC_WARN_64_TO_32_BIT_CONVERSION = YES;
				GCC_WARN_ABOUT_RETURN_TYPE = YES_ERROR;
				GCC_WARN_UNDECLARED_SELECTOR = YES;
				GCC_WARN_UNINITIALIZED_AUTOS = YES_AGGRESSIVE;
				GCC_WARN_UNUSED_FUNCTION = YES;
				GCC_WARN_UNUSED_VARIABLE = YES;
				IPHONEOS_DEPLOYMENT_TARGET = 10.0;
				MTL_ENABLE_DEBUG_INFO = YES;
				ONLY_ACTIVE_ARCH = YES;
				SDKROOT = iphoneos;
				SWIFT_ACTIVE_COMPILATION_CONDITIONS = DEBUG;
				SWIFT_OPTIMIZATION_LEVEL = "-Onone";
				TARGETED_DEVICE_FAMILY = "1,2";
			};
			name = Debug;
		};
		E3362FD11F95E55100633BBA /* Release */ = {
			isa = XCBuildConfiguration;
			buildSettings = {
				ALWAYS_SEARCH_USER_PATHS = NO;
				CLANG_ANALYZER_NONNULL = YES;
				CLANG_CXX_LANGUAGE_STANDARD = "gnu++0x";
				CLANG_CXX_LIBRARY = "libc++";
				CLANG_ENABLE_MODULES = YES;
				CLANG_ENABLE_OBJC_ARC = YES;
				CLANG_WARN_BOOL_CONVERSION = YES;
				CLANG_WARN_CONSTANT_CONVERSION = YES;
				CLANG_WARN_DIRECT_OBJC_ISA_USAGE = YES_ERROR;
				CLANG_WARN_DOCUMENTATION_COMMENTS = YES;
				CLANG_WARN_EMPTY_BODY = YES;
				CLANG_WARN_ENUM_CONVERSION = YES;
				CLANG_WARN_INFINITE_RECURSION = YES;
				CLANG_WARN_INT_CONVERSION = YES;
				CLANG_WARN_OBJC_ROOT_CLASS = YES_ERROR;
				CLANG_WARN_SUSPICIOUS_MOVES = YES;
				CLANG_WARN_UNREACHABLE_CODE = YES;
				CLANG_WARN__DUPLICATE_METHOD_MATCH = YES;
				"CODE_SIGN_IDENTITY[sdk=iphoneos*]" = "iPhone Developer";
				COPY_PHASE_STRIP = NO;
				DEBUG_INFORMATION_FORMAT = "dwarf-with-dsym";
				ENABLE_NS_ASSERTIONS = NO;
				ENABLE_STRICT_OBJC_MSGSEND = YES;
				GCC_C_LANGUAGE_STANDARD = gnu99;
				GCC_NO_COMMON_BLOCKS = YES;
				GCC_WARN_64_TO_32_BIT_CONVERSION = YES;
				GCC_WARN_ABOUT_RETURN_TYPE = YES_ERROR;
				GCC_WARN_UNDECLARED_SELECTOR = YES;
				GCC_WARN_UNINITIALIZED_AUTOS = YES_AGGRESSIVE;
				GCC_WARN_UNUSED_FUNCTION = YES;
				GCC_WARN_UNUSED_VARIABLE = YES;
				IPHONEOS_DEPLOYMENT_TARGET = 10.0;
				MTL_ENABLE_DEBUG_INFO = NO;
				SDKROOT = iphoneos;
				SWIFT_OPTIMIZATION_LEVEL = "-Owholemodule";
				TARGETED_DEVICE_FAMILY = "1,2";
				VALIDATE_PRODUCT = YES;
			};
			name = Release;
		};
		E3362FD31F95E55100633BBA /* Debug */ = {
			isa = XCBuildConfiguration;
			buildSettings = {
				ASSETCATALOG_COMPILER_APPICON_NAME = AppIcon;
				INFOPLIST_FILE = iAhorcado/Info.plist;
				LD_RUNPATH_SEARCH_PATHS = "$(inherited) @executable_path/Frameworks";
				PRODUCT_BUNDLE_IDENTIFIER = cetys.iAhorcado;
				PRODUCT_NAME = "$(TARGET_NAME)";
				SWIFT_VERSION = 3.0;
			};
			name = Debug;
		};
		E3362FD41F95E55100633BBA /* Release */ = {
			isa = XCBuildConfiguration;
			buildSettings = {
				ASSETCATALOG_COMPILER_APPICON_NAME = AppIcon;
				INFOPLIST_FILE = iAhorcado/Info.plist;
				LD_RUNPATH_SEARCH_PATHS = "$(inherited) @executable_path/Frameworks";
				PRODUCT_BUNDLE_IDENTIFIER = cetys.iAhorcado;
				PRODUCT_NAME = "$(TARGET_NAME)";
				SWIFT_VERSION = 3.0;
			};
			name = Release;
		};
/* End XCBuildConfiguration section */

/* Begin XCConfigurationList section */
		E3362FBB1F95E55100633BBA /* Build configuration list for PBXProject "iAhorcado" */ = {
			isa = XCConfigurationList;
			buildConfigurations = (
				E3362FD01F95E55100633BBA /* Debug */,
				E3362FD11F95E55100633BBA /* Release */,
			);
			defaultConfigurationIsVisible = 0;
			defaultConfigurationName = Release;
		};
		E3362FD21F95E55100633BBA /* Build configuration list for PBXNativeTarget "iAhorcado" */ = {
			isa = XCConfigurationList;
			buildConfigurations = (
				E3362FD31F95E55100633BBA /* Debug */,
				E3362FD41F95E55100633BBA /* Release */,
			);
			defaultConfigurationIsVisible = 0;
			defaultConfigurationName = Release;
		};
/* End XCConfigurationList section */
	};
	rootObject = E3362FB81F95E55100633BBA /* Project object */;
}
